
Microsoft Visual Studio Solution File, Format Version 12.00
# Visual Studio Version 17
VisualStudioVersion = 17.4.33103.184
MinimumVisualStudioVersion = 10.0.40219.1
Project("{9A19103F-16F7-4668-BE54-9A1E7A4F7556}") = "Rocket_Elevators_Rest_API", "Rocket_Elevators_Rest_API.csproj", "{0B95AA48-0E2D-4CF1-94BC-4D366367C565}"
EndProject
Global
	GlobalSection(SolutionConfigurationPlatforms) = preSolution
		Debug|Any CPU = Debug|Any CPU
		Release|Any CPU = Release|Any CPU
	EndGlobalSection
	GlobalSection(ProjectConfigurationPlatforms) = postSolution
		{0B95AA48-0E2D-4CF1-94BC-4D366367C565}.Debug|Any CPU.ActiveCfg = Debug|Any CPU
		{0B95AA48-0E2D-4CF1-94BC-4D366367C565}.Debug|Any CPU.Build.0 = Debug|Any CPU
		{0B95AA48-0E2D-4CF1-94BC-4D366367C565}.Release|Any CPU.ActiveCfg = Release|Any CPU
		{0B95AA48-0E2D-4CF1-94BC-4D366367C565}.Release|Any CPU.Build.0 = Release|Any CPU
	EndGlobalSection
	GlobalSection(SolutionProperties) = preSolution
		HideSolutionNode = FALSE
	EndGlobalSection
	GlobalSection(ExtensibilityGlobals) = postSolution
		SolutionGuid = {4334C8B9-CD59-459C-91EE-813A918B425F}
	EndGlobalSection
EndGlobal
